// !$*UTF8*$!
{
	archiveVersion = 1;
	classes = {
	};
	objectVersion = 56;
	objects = {

/* Begin PBXBuildFile section */
		E922CB962B6BFF33003E19BB /* AppDelegate.m in Sources */ = {isa = PBXBuildFile; fileRef = E922CB952B6BFF33003E19BB /* AppDelegate.m */; };
		E922CB992B6BFF33003E19BB /* ViewController.m in Sources */ = {isa = PBXBuildFile; fileRef = E922CB982B6BFF33003E19BB /* ViewController.m */; };
		E922CB9B2B6BFF35003E19BB /* Assets.xcassets in Resources */ = {isa = PBXBuildFile; fileRef = E922CB9A2B6BFF35003E19BB /* Assets.xcassets */; };
		E922CB9E2B6BFF35003E19BB /* Main.storyboard in Resources */ = {isa = PBXBuildFile; fileRef = E922CB9C2B6BFF35003E19BB /* Main.storyboard */; };
		E922CBA02B6BFF35003E19BB /* main.m in Sources */ = {isa = PBXBuildFile; fileRef = E922CB9F2B6BFF35003E19BB /* main.m */; };
		E9E906D52BF8F99A00C10C1C /* UXKit.framework in Frameworks */ = {isa = PBXBuildFile; fileRef = E9E906D42BF8F99A00C10C1C /* UXKit.framework */; };
/* End PBXBuildFile section */

/* Begin PBXFileReference section */
		E922CB912B6BFF33003E19BB /* UXKit-Example.app */ = {isa = PBXFileReference; explicitFileType = wrapper.application; includeInIndex = 0; path = "UXKit-Example.app"; sourceTree = BUILT_PRODUCTS_DIR; };
		E922CB942B6BFF33003E19BB /* AppDelegate.h */ = {isa = PBXFileReference; lastKnownFileType = sourcecode.c.h; path = AppDelegate.h; sourceTree = "<group>"; };
		E922CB952B6BFF33003E19BB /* AppDelegate.m */ = {isa = PBXFileReference; lastKnownFileType = sourcecode.c.objc; path = AppDelegate.m; sourceTree = "<group>"; };
		E922CB972B6BFF33003E19BB /* ViewController.h */ = {isa = PBXFileReference; lastKnownFileType = sourcecode.c.h; path = ViewController.h; sourceTree = "<group>"; };
		E922CB982B6BFF33003E19BB /* ViewController.m */ = {isa = PBXFileReference; lastKnownFileType = sourcecode.c.objc; path = ViewController.m; sourceTree = "<group>"; };
		E922CB9A2B6BFF35003E19BB /* Assets.xcassets */ = {isa = PBXFileReference; lastKnownFileType = folder.assetcatalog; path = Assets.xcassets; sourceTree = "<group>"; };
		E922CB9D2B6BFF35003E19BB /* Base */ = {isa = PBXFileReference; lastKnownFileType = file.storyboard; name = Base; path = Base.lproj/Main.storyboard; sourceTree = "<group>"; };
		E922CB9F2B6BFF35003E19BB /* main.m */ = {isa = PBXFileReference; lastKnownFileType = sourcecode.c.objc; path = main.m; sourceTree = "<group>"; };
		E922CBA12B6BFF35003E19BB /* UXKit_Example.entitlements */ = {isa = PBXFileReference; lastKnownFileType = text.plist.entitlements; path = UXKit_Example.entitlements; sourceTree = "<group>"; };
		E982F7F42BCB86B7002EBA4D /* _UXAccessoryBarContainer.h */ = {isa = PBXFileReference; fileEncoding = 4; lastKnownFileType = sourcecode.c.h; path = _UXAccessoryBarContainer.h; sourceTree = "<group>"; };
		E982F7F52BCB86B7002EBA4D /* _UXBarItemsContainer.h */ = {isa = PBXFileReference; fileEncoding = 4; lastKnownFileType = sourcecode.c.h; path = _UXBarItemsContainer.h; sourceTree = "<group>"; };
		E982F7F62BCB86B7002EBA4D /* _UXButton.h */ = {isa = PBXFileReference; fileEncoding = 4; lastKnownFileType = sourcecode.c.h; path = _UXButton.h; sourceTree = "<group>"; };
		E982F7F72BCB86B7002EBA4D /* _UXButtonCell.h */ = {isa = PBXFileReference; fileEncoding = 4; lastKnownFileType = sourcecode.c.h; path = _UXButtonCell.h; sourceTree = "<group>"; };
		E982F7F82BCB86B7002EBA4D /* _UXCollectionDocumentView.h */ = {isa = PBXFileReference; fileEncoding = 4; lastKnownFileType = sourcecode.c.h; path = _UXCollectionDocumentView.h; sourceTree = "<group>"; };
		E982F7F92BCB86B7002EBA4D /* _UXCollectionSnapshotView.h */ = {isa = PBXFileReference; fileEncoding = 4; lastKnownFileType = sourcecode.c.h; path = _UXCollectionSnapshotView.h; sourceTree = "<group>"; };
		E982F7FA2BCB86B7002EBA4D /* _UXCollectionView.h */ = {isa = PBXFileReference; fileEncoding = 4; lastKnownFileType = sourcecode.c.h; path = _UXCollectionView.h; sourceTree = "<group>"; };
		E982F7FB2BCB86B7002EBA4D /* _UXCollectionViewItemKey.h */ = {isa = PBXFileReference; fileEncoding = 4; lastKnownFileType = sourcecode.c.h; path = _UXCollectionViewItemKey.h; sourceTree = "<group>"; };
		E982F7FC2BCB86B7002EBA4D /* _UXCollectionViewLayoutProxy.h */ = {isa = PBXFileReference; fileEncoding = 4; lastKnownFileType = sourcecode.c.h; path = _UXCollectionViewLayoutProxy.h; sourceTree = "<group>"; };
		E982F7FD2BCB86B7002EBA4D /* _UXCollectionViewOverdraw.h */ = {isa = PBXFileReference; fileEncoding = 4; lastKnownFileType = sourcecode.c.h; path = _UXCollectionViewOverdraw.h; sourceTree = "<group>"; };
		E982F7FE2BCB86B7002EBA4D /* _UXCollectionViewRearrangingCoordinator.h */ = {isa = PBXFileReference; fileEncoding = 4; lastKnownFileType = sourcecode.c.h; path = _UXCollectionViewRearrangingCoordinator.h; sourceTree = "<group>"; };
		E982F7FF2BCB86B7002EBA4D /* _UXCollectionViewSectionItemIndexes.h */ = {isa = PBXFileReference; fileEncoding = 4; lastKnownFileType = sourcecode.c.h; path = _UXCollectionViewSectionItemIndexes.h; sourceTree = "<group>"; };
		E982F8002BCB86B7002EBA4D /* _UXContainerView.h */ = {isa = PBXFileReference; fileEncoding = 4; lastKnownFileType = sourcecode.c.h; path = _UXContainerView.h; sourceTree = "<group>"; };
		E982F8012BCB86B7002EBA4D /* _UXContentUnavailableView.h */ = {isa = PBXFileReference; fileEncoding = 4; lastKnownFileType = sourcecode.c.h; path = _UXContentUnavailableView.h; sourceTree = "<group>"; };
		E982F8022BCB86B7002EBA4D /* _UXFlowLayoutInfo.h */ = {isa = PBXFileReference; fileEncoding = 4; lastKnownFileType = sourcecode.c.h; path = _UXFlowLayoutInfo.h; sourceTree = "<group>"; };
		E982F8032BCB86B7002EBA4D /* _UXFlowLayoutItem.h */ = {isa = PBXFileReference; fileEncoding = 4; lastKnownFileType = sourcecode.c.h; path = _UXFlowLayoutItem.h; sourceTree = "<group>"; };
		E982F8042BCB86B7002EBA4D /* _UXFlowLayoutRow.h */ = {isa = PBXFileReference; fileEncoding = 4; lastKnownFileType = sourcecode.c.h; path = _UXFlowLayoutRow.h; sourceTree = "<group>"; };
		E982F8052BCB86B7002EBA4D /* _UXFlowLayoutSection.h */ = {isa = PBXFileReference; fileEncoding = 4; lastKnownFileType = sourcecode.c.h; path = _UXFlowLayoutSection.h; sourceTree = "<group>"; };
		E982F8062BCB86B7002EBA4D /* _UXLayoutSpacer.h */ = {isa = PBXFileReference; fileEncoding = 4; lastKnownFileType = sourcecode.c.h; path = _UXLayoutSpacer.h; sourceTree = "<group>"; };
		E982F8072BCB86B7002EBA4D /* _UXNavigationDestination.h */ = {isa = PBXFileReference; fileEncoding = 4; lastKnownFileType = sourcecode.c.h; path = _UXNavigationDestination.h; sourceTree = "<group>"; };
		E982F8082BCB86B7002EBA4D /* _UXNavigationItemContainerView.h */ = {isa = PBXFileReference; fileEncoding = 4; lastKnownFileType = sourcecode.c.h; path = _UXNavigationItemContainerView.h; sourceTree = "<group>"; };
		E982F8092BCB86B7002EBA4D /* _UXNavigationRequest.h */ = {isa = PBXFileReference; fileEncoding = 4; lastKnownFileType = sourcecode.c.h; path = _UXNavigationRequest.h; sourceTree = "<group>"; };
		E982F80A2BCB86B7002EBA4D /* _UXResizableImage.h */ = {isa = PBXFileReference; fileEncoding = 4; lastKnownFileType = sourcecode.c.h; path = _UXResizableImage.h; sourceTree = "<group>"; };
		E982F80B2BCB86B7002EBA4D /* _UXSettings.h */ = {isa = PBXFileReference; fileEncoding = 4; lastKnownFileType = sourcecode.c.h; path = _UXSettings.h; sourceTree = "<group>"; };
		E982F80C2BCB86B7002EBA4D /* _UXSettingsGroup.h */ = {isa = PBXFileReference; fileEncoding = 4; lastKnownFileType = sourcecode.c.h; path = _UXSettingsGroup.h; sourceTree = "<group>"; };
		E982F80D2BCB86B7002EBA4D /* _UXSettingsGroupObserver.h */ = {isa = PBXFileReference; fileEncoding = 4; lastKnownFileType = sourcecode.c.h; path = _UXSettingsGroupObserver.h; sourceTree = "<group>"; };
		E982F80E2BCB86B7002EBA4D /* _UXSettingsKeyPathObserver.h */ = {isa = PBXFileReference; fileEncoding = 4; lastKnownFileType = sourcecode.c.h; path = _UXSettingsKeyPathObserver.h; sourceTree = "<group>"; };
		E982F80F2BCB86B7002EBA4D /* _UXSinglePixelLine.h */ = {isa = PBXFileReference; fileEncoding = 4; lastKnownFileType = sourcecode.c.h; path = _UXSinglePixelLine.h; sourceTree = "<group>"; };
		E982F8102BCB86B7002EBA4D /* _UXSourceSplitItemView.h */ = {isa = PBXFileReference; fileEncoding = 4; lastKnownFileType = sourcecode.c.h; path = _UXSourceSplitItemView.h; sourceTree = "<group>"; };
		E982F8112BCB86B7002EBA4D /* _UXSourceSplitView.h */ = {isa = PBXFileReference; fileEncoding = 4; lastKnownFileType = sourcecode.c.h; path = _UXSourceSplitView.h; sourceTree = "<group>"; };
		E982F8122BCB86B7002EBA4D /* _UXSourceSplitViewCursorProvider.h */ = {isa = PBXFileReference; fileEncoding = 4; lastKnownFileType = sourcecode.c.h; path = _UXSourceSplitViewCursorProvider.h; sourceTree = "<group>"; };
		E982F8132BCB86B7002EBA4D /* _UXSourceSplitViewDelegate.h */ = {isa = PBXFileReference; fileEncoding = 4; lastKnownFileType = sourcecode.c.h; path = _UXSourceSplitViewDelegate.h; sourceTree = "<group>"; };
		E982F8142BCB86B7002EBA4D /* _UXSourceSplitViewFullScreenOverlayContentView.h */ = {isa = PBXFileReference; fileEncoding = 4; lastKnownFileType = sourcecode.c.h; path = _UXSourceSplitViewFullScreenOverlayContentView.h; sourceTree = "<group>"; };
		E982F8152BCB86B7002EBA4D /* _UXSourceSplitViewFullScreenOverlayWindow.h */ = {isa = PBXFileReference; fileEncoding = 4; lastKnownFileType = sourcecode.c.h; path = _UXSourceSplitViewFullScreenOverlayWindow.h; sourceTree = "<group>"; };
		E982F8162BCB86B7002EBA4D /* _UXSourceSplitViewShadowView.h */ = {isa = PBXFileReference; fileEncoding = 4; lastKnownFileType = sourcecode.c.h; path = _UXSourceSplitViewShadowView.h; sourceTree = "<group>"; };
		E982F8172BCB86B7002EBA4D /* _UXSourceSplitViewSpringLoadingView.h */ = {isa = PBXFileReference; fileEncoding = 4; lastKnownFileType = sourcecode.c.h; path = _UXSourceSplitViewSpringLoadingView.h; sourceTree = "<group>"; };
		E982F8182BCB86B7002EBA4D /* _UXTableHeaderView.h */ = {isa = PBXFileReference; fileEncoding = 4; lastKnownFileType = sourcecode.c.h; path = _UXTableHeaderView.h; sourceTree = "<group>"; };
		E982F8192BCB86B7002EBA4D /* _UXToolbarItemsContainer.h */ = {isa = PBXFileReference; fileEncoding = 4; lastKnownFileType = sourcecode.c.h; path = _UXToolbarItemsContainer.h; sourceTree = "<group>"; };
		E982F81A2BCB86B7002EBA4D /* _UXViewControllerOneToOneTransitionContext.h */ = {isa = PBXFileReference; fileEncoding = 4; lastKnownFileType = sourcecode.c.h; path = _UXViewControllerOneToOneTransitionContext.h; sourceTree = "<group>"; };
		E982F81B2BCB86B7002EBA4D /* _UXViewControllerTransitionContext.h */ = {isa = PBXFileReference; fileEncoding = 4; lastKnownFileType = sourcecode.c.h; path = _UXViewControllerTransitionContext.h; sourceTree = "<group>"; };
		E982F81C2BCB86B7002EBA4D /* _UXViewControllerTransitionCoordinator.h */ = {isa = PBXFileReference; fileEncoding = 4; lastKnownFileType = sourcecode.c.h; path = _UXViewControllerTransitionCoordinator.h; sourceTree = "<group>"; };
		E982F81D2BCB86B7002EBA4D /* _UXWindow.h */ = {isa = PBXFileReference; fileEncoding = 4; lastKnownFileType = sourcecode.c.h; path = _UXWindow.h; sourceTree = "<group>"; };
		E982F81E2BCB86B7002EBA4D /* _UXWindowState.h */ = {isa = PBXFileReference; fileEncoding = 4; lastKnownFileType = sourcecode.c.h; path = _UXWindowState.h; sourceTree = "<group>"; };
		E982F81F2BCB86B7002EBA4D /* NSAccessibilityGroup.h */ = {isa = PBXFileReference; fileEncoding = 4; lastKnownFileType = sourcecode.c.h; path = NSAccessibilityGroup.h; sourceTree = "<group>"; };
		E982F8202BCB86B7002EBA4D /* NSAccessibilityImage.h */ = {isa = PBXFileReference; fileEncoding = 4; lastKnownFileType = sourcecode.c.h; path = NSAccessibilityImage.h; sourceTree = "<group>"; };
		E982F8212BCB86B7002EBA4D /* NSAccessibilityStaticText.h */ = {isa = PBXFileReference; fileEncoding = 4; lastKnownFileType = sourcecode.c.h; path = NSAccessibilityStaticText.h; sourceTree = "<group>"; };
		E982F8222BCB86B7002EBA4D /* NSCopying.h */ = {isa = PBXFileReference; fileEncoding = 4; lastKnownFileType = sourcecode.c.h; path = NSCopying.h; sourceTree = "<group>"; };
		E982F8232BCB86B7002EBA4D /* NSDraggingDestination.h */ = {isa = PBXFileReference; fileEncoding = 4; lastKnownFileType = sourcecode.c.h; path = NSDraggingDestination.h; sourceTree = "<group>"; };
		E982F8242BCB86B7002EBA4D /* NSDraggingSource.h */ = {isa = PBXFileReference; fileEncoding = 4; lastKnownFileType = sourcecode.c.h; path = NSDraggingSource.h; sourceTree = "<group>"; };
		E982F8252BCB86B7002EBA4D /* NSFastEnumeration.h */ = {isa = PBXFileReference; fileEncoding = 4; lastKnownFileType = sourcecode.c.h; path = NSFastEnumeration.h; sourceTree = "<group>"; };
		E982F8262BCB86B7002EBA4D /* NSGestureRecognizerDelegate.h */ = {isa = PBXFileReference; fileEncoding = 4; lastKnownFileType = sourcecode.c.h; path = NSGestureRecognizerDelegate.h; sourceTree = "<group>"; };
		E982F8272BCB86B7002EBA4D /* NSMenuDelegate.h */ = {isa = PBXFileReference; fileEncoding = 4; lastKnownFileType = sourcecode.c.h; path = NSMenuDelegate.h; sourceTree = "<group>"; };
		E982F8282BCB86B7002EBA4D /* NSMenuItemValidation.h */ = {isa = PBXFileReference; fileEncoding = 4; lastKnownFileType = sourcecode.c.h; path = NSMenuItemValidation.h; sourceTree = "<group>"; };
		E982F8292BCB86B7002EBA4D /* NSMutableCopying.h */ = {isa = PBXFileReference; fileEncoding = 4; lastKnownFileType = sourcecode.c.h; path = NSMutableCopying.h; sourceTree = "<group>"; };
		E982F82A2BCB86B7002EBA4D /* NSPopoverDelegate.h */ = {isa = PBXFileReference; fileEncoding = 4; lastKnownFileType = sourcecode.c.h; path = NSPopoverDelegate.h; sourceTree = "<group>"; };
		E982F82B2BCB86B7002EBA4D /* NSSecureCoding.h */ = {isa = PBXFileReference; fileEncoding = 4; lastKnownFileType = sourcecode.c.h; path = NSSecureCoding.h; sourceTree = "<group>"; };
		E982F82C2BCB86B7002EBA4D /* NSSidebarTrackingAdapter.h */ = {isa = PBXFileReference; fileEncoding = 4; lastKnownFileType = sourcecode.c.h; path = NSSidebarTrackingAdapter.h; sourceTree = "<group>"; };
		E982F82D2BCB86B7002EBA4D /* NSSplitViewItemSeparatorTrackingAdapter.h */ = {isa = PBXFileReference; fileEncoding = 4; lastKnownFileType = sourcecode.c.h; path = NSSplitViewItemSeparatorTrackingAdapter.h; sourceTree = "<group>"; };
		E982F82E2BCB86B7002EBA4D /* NSToolbarDelegate.h */ = {isa = PBXFileReference; fileEncoding = 4; lastKnownFileType = sourcecode.c.h; path = NSToolbarDelegate.h; sourceTree = "<group>"; };
		E982F82F2BCB86B7002EBA4D /* NSWindowDelegate.h */ = {isa = PBXFileReference; fileEncoding = 4; lastKnownFileType = sourcecode.c.h; path = NSWindowDelegate.h; sourceTree = "<group>"; };
		E982F8302BCB86B7002EBA4D /* UIMutableIndexPath.h */ = {isa = PBXFileReference; fileEncoding = 4; lastKnownFileType = sourcecode.c.h; path = UIMutableIndexPath.h; sourceTree = "<group>"; };
		E982F8312BCB86B7002EBA4D /* UXBackButton.h */ = {isa = PBXFileReference; fileEncoding = 4; lastKnownFileType = sourcecode.c.h; path = UXBackButton.h; sourceTree = "<group>"; };
		E982F8322BCB86B7002EBA4D /* UXBar.h */ = {isa = PBXFileReference; fileEncoding = 4; lastKnownFileType = sourcecode.c.h; path = UXBar.h; sourceTree = "<group>"; };
		E982F8332BCB86B7002EBA4D /* UXBarButtonItem.h */ = {isa = PBXFileReference; fileEncoding = 4; lastKnownFileType = sourcecode.c.h; path = UXBarButtonItem.h; sourceTree = "<group>"; };
		E982F8342BCB86B7002EBA4D /* UXBarItem.h */ = {isa = PBXFileReference; fileEncoding = 4; lastKnownFileType = sourcecode.c.h; path = UXBarItem.h; sourceTree = "<group>"; };
		E982F8352BCB86B7002EBA4D /* UXBarPositioning.h */ = {isa = PBXFileReference; fileEncoding = 4; lastKnownFileType = sourcecode.c.h; path = UXBarPositioning.h; sourceTree = "<group>"; };
		E982F8362BCB86B7002EBA4D /* UXCollectionClipView.h */ = {isa = PBXFileReference; fileEncoding = 4; lastKnownFileType = sourcecode.c.h; path = UXCollectionClipView.h; sourceTree = "<group>"; };
		E982F8372BCB86B7002EBA4D /* UXCollectionDocumentView.h */ = {isa = PBXFileReference; fileEncoding = 4; lastKnownFileType = sourcecode.c.h; path = UXCollectionDocumentView.h; sourceTree = "<group>"; };
		E982F8382BCB86B7002EBA4D /* UXCollectionReusableView.h */ = {isa = PBXFileReference; fileEncoding = 4; lastKnownFileType = sourcecode.c.h; path = UXCollectionReusableView.h; sourceTree = "<group>"; };
		E982F8392BCB86B7002EBA4D /* UXCollectionView.h */ = {isa = PBXFileReference; fileEncoding = 4; lastKnownFileType = sourcecode.c.h; path = UXCollectionView.h; sourceTree = "<group>"; };
		E982F83A2BCB86B7002EBA4D /* UXCollectionViewAnimation.h */ = {isa = PBXFileReference; fileEncoding = 4; lastKnownFileType = sourcecode.c.h; path = UXCollectionViewAnimation.h; sourceTree = "<group>"; };
		E982F83B2BCB86B7002EBA4D /* UXCollectionViewAnimationContext.h */ = {isa = PBXFileReference; fileEncoding = 4; lastKnownFileType = sourcecode.c.h; path = UXCollectionViewAnimationContext.h; sourceTree = "<group>"; };
		E982F83C2BCB86B7002EBA4D /* UXCollectionViewCell.h */ = {isa = PBXFileReference; fileEncoding = 4; lastKnownFileType = sourcecode.c.h; path = UXCollectionViewCell.h; sourceTree = "<group>"; };
		E982F83D2BCB86B7002EBA4D /* UXCollectionViewController.h */ = {isa = PBXFileReference; fileEncoding = 4; lastKnownFileType = sourcecode.c.h; path = UXCollectionViewController.h; sourceTree = "<group>"; };
		E982F83E2BCB86B7002EBA4D /* UXCollectionViewData.h */ = {isa = PBXFileReference; fileEncoding = 4; lastKnownFileType = sourcecode.c.h; path = UXCollectionViewData.h; sourceTree = "<group>"; };
		E982F83F2BCB86B7002EBA4D /* UXCollectionViewDataSource.h */ = {isa = PBXFileReference; fileEncoding = 4; lastKnownFileType = sourcecode.c.h; path = UXCollectionViewDataSource.h; sourceTree = "<group>"; };
		E982F8402BCB86B7002EBA4D /* UXCollectionViewDelegate.h */ = {isa = PBXFileReference; fileEncoding = 4; lastKnownFileType = sourcecode.c.h; path = UXCollectionViewDelegate.h; sourceTree = "<group>"; };
		E982F8412BCB86B7002EBA4D /* UXCollectionViewFilePromiseProvider.h */ = {isa = PBXFileReference; fileEncoding = 4; lastKnownFileType = sourcecode.c.h; path = UXCollectionViewFilePromiseProvider.h; sourceTree = "<group>"; };
		E982F8422BCB86B7002EBA4D /* UXCollectionViewFlowLayout.h */ = {isa = PBXFileReference; fileEncoding = 4; lastKnownFileType = sourcecode.c.h; path = UXCollectionViewFlowLayout.h; sourceTree = "<group>"; };
		E982F8432BCB86B7002EBA4D /* UXCollectionViewFlowLayoutInvalidationContext.h */ = {isa = PBXFileReference; fileEncoding = 4; lastKnownFileType = sourcecode.c.h; path = UXCollectionViewFlowLayoutInvalidationContext.h; sourceTree = "<group>"; };
		E982F8442BCB86B7002EBA4D /* UXCollectionViewIndexPathsSet.h */ = {isa = PBXFileReference; fileEncoding = 4; lastKnownFileType = sourcecode.c.h; path = UXCollectionViewIndexPathsSet.h; sourceTree = "<group>"; };
		E982F8452BCB86B7002EBA4D /* UXCollectionViewLayout.h */ = {isa = PBXFileReference; fileEncoding = 4; lastKnownFileType = sourcecode.c.h; path = UXCollectionViewLayout.h; sourceTree = "<group>"; };
		E982F8462BCB86B7002EBA4D /* UXCollectionViewLayoutAccessibility.h */ = {isa = PBXFileReference; fileEncoding = 4; lastKnownFileType = sourcecode.c.h; path = UXCollectionViewLayoutAccessibility.h; sourceTree = "<group>"; };
		E982F8472BCB86B7002EBA4D /* UXCollectionViewLayoutAttributes.h */ = {isa = PBXFileReference; fileEncoding = 4; lastKnownFileType = sourcecode.c.h; path = UXCollectionViewLayoutAttributes.h; sourceTree = "<group>"; };
		E982F8482BCB86B7002EBA4D /* UXCollectionViewLayoutInvalidationContext.h */ = {isa = PBXFileReference; fileEncoding = 4; lastKnownFileType = sourcecode.c.h; path = UXCollectionViewLayoutInvalidationContext.h; sourceTree = "<group>"; };
		E982F8492BCB86B7002EBA4D /* UXCollectionViewLayoutProxyDelegate.h */ = {isa = PBXFileReference; fileEncoding = 4; lastKnownFileType = sourcecode.c.h; path = UXCollectionViewLayoutProxyDelegate.h; sourceTree = "<group>"; };
		E982F84A2BCB86B7002EBA4D /* UXCollectionViewLayoutSectionAccessibility.h */ = {isa = PBXFileReference; fileEncoding = 4; lastKnownFileType = sourcecode.c.h; path = UXCollectionViewLayoutSectionAccessibility.h; sourceTree = "<group>"; };
		E982F84B2BCB86B7002EBA4D /* UXCollectionViewMutableIndexPathsSet.h */ = {isa = PBXFileReference; fileEncoding = 4; lastKnownFileType = sourcecode.c.h; path = UXCollectionViewMutableIndexPathsSet.h; sourceTree = "<group>"; };
		E982F84C2BCB86B7002EBA4D /* UXCollectionViewPanGestureRecognizer.h */ = {isa = PBXFileReference; fileEncoding = 4; lastKnownFileType = sourcecode.c.h; path = UXCollectionViewPanGestureRecognizer.h; sourceTree = "<group>"; };
		E982F84D2BCB86B7002EBA4D /* UXCollectionViewUpdate.h */ = {isa = PBXFileReference; fileEncoding = 4; lastKnownFileType = sourcecode.c.h; path = UXCollectionViewUpdate.h; sourceTree = "<group>"; };
		E982F84E2BCB86B7002EBA4D /* UXCollectionViewUpdateGap.h */ = {isa = PBXFileReference; fileEncoding = 4; lastKnownFileType = sourcecode.c.h; path = UXCollectionViewUpdateGap.h; sourceTree = "<group>"; };
		E982F84F2BCB86B7002EBA4D /* UXCollectionViewUpdateItem.h */ = {isa = PBXFileReference; fileEncoding = 4; lastKnownFileType = sourcecode.c.h; path = UXCollectionViewUpdateItem.h; sourceTree = "<group>"; };
		E982F8502BCB86B7002EBA4D /* UXControl.h */ = {isa = PBXFileReference; fileEncoding = 4; lastKnownFileType = sourcecode.c.h; path = UXControl.h; sourceTree = "<group>"; };
		E982F8512BCB86B7002EBA4D /* UXDestinationAuxiliaryStore.h */ = {isa = PBXFileReference; fileEncoding = 4; lastKnownFileType = sourcecode.c.h; path = UXDestinationAuxiliaryStore.h; sourceTree = "<group>"; };
		E982F8522BCB86B7002EBA4D /* UXIdentityTransitionController.h */ = {isa = PBXFileReference; fileEncoding = 4; lastKnownFileType = sourcecode.c.h; path = UXIdentityTransitionController.h; sourceTree = "<group>"; };
		E982F8532BCB86B7002EBA4D /* UXImageView.h */ = {isa = PBXFileReference; fileEncoding = 4; lastKnownFileType = sourcecode.c.h; path = UXImageView.h; sourceTree = "<group>"; };
		E982F8542BCB86B7002EBA4D /* UXKit-Structs.h */ = {isa = PBXFileReference; fileEncoding = 4; lastKnownFileType = sourcecode.c.h; path = "UXKit-Structs.h"; sourceTree = "<group>"; };
		E982F8552BCB86B7002EBA4D /* UXKitAppearance.h */ = {isa = PBXFileReference; fileEncoding = 4; lastKnownFileType = sourcecode.c.h; path = UXKitAppearance.h; sourceTree = "<group>"; };
		E982F8562BCB86B7002EBA4D /* UXLabel.h */ = {isa = PBXFileReference; fileEncoding = 4; lastKnownFileType = sourcecode.c.h; path = UXLabel.h; sourceTree = "<group>"; };
		E982F8572BCB86B7002EBA4D /* UXLayoutSupport.h */ = {isa = PBXFileReference; fileEncoding = 4; lastKnownFileType = sourcecode.c.h; path = UXLayoutSupport.h; sourceTree = "<group>"; };
		E982F8582BCB86B7002EBA4D /* UXNavigationBar.h */ = {isa = PBXFileReference; fileEncoding = 4; lastKnownFileType = sourcecode.c.h; path = UXNavigationBar.h; sourceTree = "<group>"; };
		E982F8592BCB86B7002EBA4D /* UXNavigationController.h */ = {isa = PBXFileReference; fileEncoding = 4; lastKnownFileType = sourcecode.c.h; path = UXNavigationController.h; sourceTree = "<group>"; };
		E982F85A2BCB86B7002EBA4D /* UXNavigationControllerDelegate.h */ = {isa = PBXFileReference; fileEncoding = 4; lastKnownFileType = sourcecode.c.h; path = UXNavigationControllerDelegate.h; sourceTree = "<group>"; };
		E982F85B2BCB86B7002EBA4D /* UXNavigationDestination.h */ = {isa = PBXFileReference; fileEncoding = 4; lastKnownFileType = sourcecode.c.h; path = UXNavigationDestination.h; sourceTree = "<group>"; };
		E982F85C2BCB86B7002EBA4D /* UXNavigationItem.h */ = {isa = PBXFileReference; fileEncoding = 4; lastKnownFileType = sourcecode.c.h; path = UXNavigationItem.h; sourceTree = "<group>"; };
		E982F85D2BCB86B7002EBA4D /* UXParallaxTransitionController.h */ = {isa = PBXFileReference; fileEncoding = 4; lastKnownFileType = sourcecode.c.h; path = UXParallaxTransitionController.h; sourceTree = "<group>"; };
		E982F85E2BCB86B7002EBA4D /* UXPopover.h */ = {isa = PBXFileReference; fileEncoding = 4; lastKnownFileType = sourcecode.c.h; path = UXPopover.h; sourceTree = "<group>"; };
		E982F85F2BCB86B7002EBA4D /* UXPopoverController.h */ = {isa = PBXFileReference; fileEncoding = 4; lastKnownFileType = sourcecode.c.h; path = UXPopoverController.h; sourceTree = "<group>"; };
		E982F8602BCB86B7002EBA4D /* UXProxyViewController.h */ = {isa = PBXFileReference; fileEncoding = 4; lastKnownFileType = sourcecode.c.h; path = UXProxyViewController.h; sourceTree = "<group>"; };
		E982F8612BCB86B7002EBA4D /* UXSlideTransitionController.h */ = {isa = PBXFileReference; fileEncoding = 4; lastKnownFileType = sourcecode.c.h; path = UXSlideTransitionController.h; sourceTree = "<group>"; };
		E982F8622BCB86B7002EBA4D /* UXSourceController.h */ = {isa = PBXFileReference; fileEncoding = 4; lastKnownFileType = sourcecode.c.h; path = UXSourceController.h; sourceTree = "<group>"; };
		E982F8632BCB86B7002EBA4D /* UXSubtoolbar.h */ = {isa = PBXFileReference; fileEncoding = 4; lastKnownFileType = sourcecode.c.h; path = UXSubtoolbar.h; sourceTree = "<group>"; };
		E982F8642BCB86B7002EBA4D /* UXTabBarController.h */ = {isa = PBXFileReference; fileEncoding = 4; lastKnownFileType = sourcecode.c.h; path = UXTabBarController.h; sourceTree = "<group>"; };
		E982F8652BCB86B7002EBA4D /* UXTabBarItem.h */ = {isa = PBXFileReference; fileEncoding = 4; lastKnownFileType = sourcecode.c.h; path = UXTabBarItem.h; sourceTree = "<group>"; };
		E982F8662BCB86B7002EBA4D /* UXTabBarItemSegment.h */ = {isa = PBXFileReference; fileEncoding = 4; lastKnownFileType = sourcecode.c.h; path = UXTabBarItemSegment.h; sourceTree = "<group>"; };
		E982F8672BCB86B7002EBA4D /* UXTableLayout.h */ = {isa = PBXFileReference; fileEncoding = 4; lastKnownFileType = sourcecode.c.h; path = UXTableLayout.h; sourceTree = "<group>"; };
		E982F8682BCB86B7002EBA4D /* UXTableView.h */ = {isa = PBXFileReference; fileEncoding = 4; lastKnownFileType = sourcecode.c.h; path = UXTableView.h; sourceTree = "<group>"; };
		E982F8692BCB86B7002EBA4D /* UXTableViewCell.h */ = {isa = PBXFileReference; fileEncoding = 4; lastKnownFileType = sourcecode.c.h; path = UXTableViewCell.h; sourceTree = "<group>"; };
		E982F86A2BCB86B7002EBA4D /* UXTableViewController.h */ = {isa = PBXFileReference; fileEncoding = 4; lastKnownFileType = sourcecode.c.h; path = UXTableViewController.h; sourceTree = "<group>"; };
		E982F86B2BCB86B7002EBA4D /* UXTableViewHeaderFooterView.h */ = {isa = PBXFileReference; fileEncoding = 4; lastKnownFileType = sourcecode.c.h; path = UXTableViewHeaderFooterView.h; sourceTree = "<group>"; };
		E982F86C2BCB86B7002EBA4D /* UXToolbar.h */ = {isa = PBXFileReference; fileEncoding = 4; lastKnownFileType = sourcecode.c.h; path = UXToolbar.h; sourceTree = "<group>"; };
		E982F86D2BCB86B7002EBA4D /* UXToolbarDelegatePrivate.h */ = {isa = PBXFileReference; fileEncoding = 4; lastKnownFileType = sourcecode.c.h; path = UXToolbarDelegatePrivate.h; sourceTree = "<group>"; };
		E982F86E2BCB86B7002EBA4D /* UXTransitionController.h */ = {isa = PBXFileReference; fileEncoding = 4; lastKnownFileType = sourcecode.c.h; path = UXTransitionController.h; sourceTree = "<group>"; };
		E982F86F2BCB86B7002EBA4D /* UXView.h */ = {isa = PBXFileReference; fileEncoding = 4; lastKnownFileType = sourcecode.c.h; path = UXView.h; sourceTree = "<group>"; };
		E982F8702BCB86B7002EBA4D /* UXViewAnimationContext.h */ = {isa = PBXFileReference; fileEncoding = 4; lastKnownFileType = sourcecode.c.h; path = UXViewAnimationContext.h; sourceTree = "<group>"; };
		E982F8712BCB86B7002EBA4D /* UXViewController.h */ = {isa = PBXFileReference; fileEncoding = 4; lastKnownFileType = sourcecode.c.h; path = UXViewController.h; sourceTree = "<group>"; };
		E982F8722BCB86B7002EBA4D /* UXViewControllerAnimatedTransitioning.h */ = {isa = PBXFileReference; fileEncoding = 4; lastKnownFileType = sourcecode.c.h; path = UXViewControllerAnimatedTransitioning.h; sourceTree = "<group>"; };
		E982F8732BCB86B7002EBA4D /* UXViewControllerContextTransitioning.h */ = {isa = PBXFileReference; fileEncoding = 4; lastKnownFileType = sourcecode.c.h; path = UXViewControllerContextTransitioning.h; sourceTree = "<group>"; };
		E982F8742BCB86B7002EBA4D /* UXViewControllerInteractiveTransitioning.h */ = {isa = PBXFileReference; fileEncoding = 4; lastKnownFileType = sourcecode.c.h; path = UXViewControllerInteractiveTransitioning.h; sourceTree = "<group>"; };
		E982F8752BCB86B7002EBA4D /* UXViewControllerTransitionCoordinator.h */ = {isa = PBXFileReference; fileEncoding = 4; lastKnownFileType = sourcecode.c.h; path = UXViewControllerTransitionCoordinator.h; sourceTree = "<group>"; };
		E982F8762BCB86B7002EBA4D /* UXWindowController.h */ = {isa = PBXFileReference; fileEncoding = 4; lastKnownFileType = sourcecode.c.h; path = UXWindowController.h; sourceTree = "<group>"; };
		E982F8772BCB86B7002EBA4D /* UXWindowToolbarController.h */ = {isa = PBXFileReference; fileEncoding = 4; lastKnownFileType = sourcecode.c.h; path = UXWindowToolbarController.h; sourceTree = "<group>"; };
		E982F8782BCB86B7002EBA4D /* UXZoomingCrossfadeTransitionController.h */ = {isa = PBXFileReference; fileEncoding = 4; lastKnownFileType = sourcecode.c.h; path = UXZoomingCrossfadeTransitionController.h; sourceTree = "<group>"; };
		E982F8812BCB8892002EBA4D /* Accelerate.framework */ = {isa = PBXFileReference; lastKnownFileType = wrapper.framework; name = Accelerate.framework; path = System/Library/Frameworks/Accelerate.framework; sourceTree = SDKROOT; };
		E982F8852BCB88E8002EBA4D /* UXKit.framework */ = {isa = PBXFileReference; lastKnownFileType = wrapper.framework; name = UXKit.framework; path = Platforms/MacOSX.platform/Developer/SDKs/MacOSX.sdk/System/Library/PrivateFrameworks/UXKit.framework; sourceTree = DEVELOPER_DIR; };
		E9E906D32BF8F96900C10C1C /* UXKit.tbd */ = {isa = PBXFileReference; lastKnownFileType = "sourcecode.text-based-dylib-definition"; name = UXKit.tbd; path = "UXKit-Example/UXKit.tbd"; sourceTree = "<group>"; };
		E9E906D42BF8F99A00C10C1C /* UXKit.framework */ = {isa = PBXFileReference; lastKnownFileType = wrapper.framework; path = UXKit.framework; sourceTree = "<group>"; };
		E9F5A5162BCBCECA00B6732E /* UXKit.h */ = {isa = PBXFileReference; lastKnownFileType = sourcecode.c.h; path = UXKit.h; sourceTree = "<group>"; };
/* End PBXFileReference section */

/* Begin PBXFrameworksBuildPhase section */
		E922CB8E2B6BFF33003E19BB /* Frameworks */ = {
			isa = PBXFrameworksBuildPhase;
			buildActionMask = 2147483647;
			files = (
				E9E906D52BF8F99A00C10C1C /* UXKit.framework in Frameworks */,
			);
			runOnlyForDeploymentPostprocessing = 0;
		};
/* End PBXFrameworksBuildPhase section */

/* Begin PBXGroup section */
		E922CB882B6BFF33003E19BB = {
			isa = PBXGroup;
			children = (
				E922CB932B6BFF33003E19BB /* UXKit-Example */,
				E922CB922B6BFF33003E19BB /* Products */,
				E922CBAD2B6BFF50003E19BB /* Frameworks */,
			);
			sourceTree = "<group>";
		};
		E922CB922B6BFF33003E19BB /* Products */ = {
			isa = PBXGroup;
			children = (
				E922CB912B6BFF33003E19BB /* UXKit-Example.app */,
			);
			name = Products;
			sourceTree = "<group>";
		};
		E922CB932B6BFF33003E19BB /* UXKit-Example */ = {
			isa = PBXGroup;
			children = (
				E982F8792BCB86B7002EBA4D /* Headers */,
				E922CB942B6BFF33003E19BB /* AppDelegate.h */,
				E922CB952B6BFF33003E19BB /* AppDelegate.m */,
				E922CB972B6BFF33003E19BB /* ViewController.h */,
				E922CB982B6BFF33003E19BB /* ViewController.m */,
				E922CB9A2B6BFF35003E19BB /* Assets.xcassets */,
				E922CB9C2B6BFF35003E19BB /* Main.storyboard */,
				E922CB9F2B6BFF35003E19BB /* main.m */,
				E922CBA12B6BFF35003E19BB /* UXKit_Example.entitlements */,
			);
			path = "UXKit-Example";
			sourceTree = "<group>";
		};
		E922CBAD2B6BFF50003E19BB /* Frameworks */ = {
			isa = PBXGroup;
			children = (
				E9E906D42BF8F99A00C10C1C /* UXKit.framework */,
				E9E906D32BF8F96900C10C1C /* UXKit.tbd */,
				E982F8852BCB88E8002EBA4D /* UXKit.framework */,
				E982F8812BCB8892002EBA4D /* Accelerate.framework */,
			);
			name = Frameworks;
			sourceTree = "<group>";
		};
		E982F8792BCB86B7002EBA4D /* Headers */ = {
			isa = PBXGroup;
			children = (
				E9F5A5162BCBCECA00B6732E /* UXKit.h */,
				E982F7F42BCB86B7002EBA4D /* _UXAccessoryBarContainer.h */,
				E982F7F52BCB86B7002EBA4D /* _UXBarItemsContainer.h */,
				E982F7F62BCB86B7002EBA4D /* _UXButton.h */,
				E982F7F72BCB86B7002EBA4D /* _UXButtonCell.h */,
				E982F7F82BCB86B7002EBA4D /* _UXCollectionDocumentView.h */,
				E982F7F92BCB86B7002EBA4D /* _UXCollectionSnapshotView.h */,
				E982F7FA2BCB86B7002EBA4D /* _UXCollectionView.h */,
				E982F7FB2BCB86B7002EBA4D /* _UXCollectionViewItemKey.h */,
				E982F7FC2BCB86B7002EBA4D /* _UXCollectionViewLayoutProxy.h */,
				E982F7FD2BCB86B7002EBA4D /* _UXCollectionViewOverdraw.h */,
				E982F7FE2BCB86B7002EBA4D /* _UXCollectionViewRearrangingCoordinator.h */,
				E982F7FF2BCB86B7002EBA4D /* _UXCollectionViewSectionItemIndexes.h */,
				E982F8002BCB86B7002EBA4D /* _UXContainerView.h */,
				E982F8012BCB86B7002EBA4D /* _UXContentUnavailableView.h */,
				E982F8022BCB86B7002EBA4D /* _UXFlowLayoutInfo.h */,
				E982F8032BCB86B7002EBA4D /* _UXFlowLayoutItem.h */,
				E982F8042BCB86B7002EBA4D /* _UXFlowLayoutRow.h */,
				E982F8052BCB86B7002EBA4D /* _UXFlowLayoutSection.h */,
				E982F8062BCB86B7002EBA4D /* _UXLayoutSpacer.h */,
				E982F8072BCB86B7002EBA4D /* _UXNavigationDestination.h */,
				E982F8082BCB86B7002EBA4D /* _UXNavigationItemContainerView.h */,
				E982F8092BCB86B7002EBA4D /* _UXNavigationRequest.h */,
				E982F80A2BCB86B7002EBA4D /* _UXResizableImage.h */,
				E982F80B2BCB86B7002EBA4D /* _UXSettings.h */,
				E982F80C2BCB86B7002EBA4D /* _UXSettingsGroup.h */,
				E982F80D2BCB86B7002EBA4D /* _UXSettingsGroupObserver.h */,
				E982F80E2BCB86B7002EBA4D /* _UXSettingsKeyPathObserver.h */,
				E982F80F2BCB86B7002EBA4D /* _UXSinglePixelLine.h */,
				E982F8112BCB86B7002EBA4D /* _UXSourceSplitView.h */,
				E982F8102BCB86B7002EBA4D /* _UXSourceSplitItemView.h */,
				E982F8122BCB86B7002EBA4D /* _UXSourceSplitViewCursorProvider.h */,
				E982F8132BCB86B7002EBA4D /* _UXSourceSplitViewDelegate.h */,
				E982F8142BCB86B7002EBA4D /* _UXSourceSplitViewFullScreenOverlayContentView.h */,
				E982F8152BCB86B7002EBA4D /* _UXSourceSplitViewFullScreenOverlayWindow.h */,
				E982F8162BCB86B7002EBA4D /* _UXSourceSplitViewShadowView.h */,
				E982F8172BCB86B7002EBA4D /* _UXSourceSplitViewSpringLoadingView.h */,
				E982F8182BCB86B7002EBA4D /* _UXTableHeaderView.h */,
				E982F8192BCB86B7002EBA4D /* _UXToolbarItemsContainer.h */,
				E982F81A2BCB86B7002EBA4D /* _UXViewControllerOneToOneTransitionContext.h */,
				E982F81B2BCB86B7002EBA4D /* _UXViewControllerTransitionContext.h */,
				E982F81C2BCB86B7002EBA4D /* _UXViewControllerTransitionCoordinator.h */,
				E982F81D2BCB86B7002EBA4D /* _UXWindow.h */,
				E982F81E2BCB86B7002EBA4D /* _UXWindowState.h */,
				E982F81F2BCB86B7002EBA4D /* NSAccessibilityGroup.h */,
				E982F8202BCB86B7002EBA4D /* NSAccessibilityImage.h */,
				E982F8212BCB86B7002EBA4D /* NSAccessibilityStaticText.h */,
				E982F8222BCB86B7002EBA4D /* NSCopying.h */,
				E982F8232BCB86B7002EBA4D /* NSDraggingDestination.h */,
				E982F8242BCB86B7002EBA4D /* NSDraggingSource.h */,
				E982F8252BCB86B7002EBA4D /* NSFastEnumeration.h */,
				E982F8262BCB86B7002EBA4D /* NSGestureRecognizerDelegate.h */,
				E982F8272BCB86B7002EBA4D /* NSMenuDelegate.h */,
				E982F8282BCB86B7002EBA4D /* NSMenuItemValidation.h */,
				E982F8292BCB86B7002EBA4D /* NSMutableCopying.h */,
				E982F82A2BCB86B7002EBA4D /* NSPopoverDelegate.h */,
				E982F82B2BCB86B7002EBA4D /* NSSecureCoding.h */,
				E982F82C2BCB86B7002EBA4D /* NSSidebarTrackingAdapter.h */,
				E982F82D2BCB86B7002EBA4D /* NSSplitViewItemSeparatorTrackingAdapter.h */,
				E982F82E2BCB86B7002EBA4D /* NSToolbarDelegate.h */,
				E982F82F2BCB86B7002EBA4D /* NSWindowDelegate.h */,
				E982F8302BCB86B7002EBA4D /* UIMutableIndexPath.h */,
				E982F8312BCB86B7002EBA4D /* UXBackButton.h */,
				E982F8322BCB86B7002EBA4D /* UXBar.h */,
				E982F8332BCB86B7002EBA4D /* UXBarButtonItem.h */,
				E982F8342BCB86B7002EBA4D /* UXBarItem.h */,
				E982F8352BCB86B7002EBA4D /* UXBarPositioning.h */,
				E982F8362BCB86B7002EBA4D /* UXCollectionClipView.h */,
				E982F8372BCB86B7002EBA4D /* UXCollectionDocumentView.h */,
				E982F8382BCB86B7002EBA4D /* UXCollectionReusableView.h */,
				E982F8392BCB86B7002EBA4D /* UXCollectionView.h */,
				E982F83A2BCB86B7002EBA4D /* UXCollectionViewAnimation.h */,
				E982F83B2BCB86B7002EBA4D /* UXCollectionViewAnimationContext.h */,
				E982F83C2BCB86B7002EBA4D /* UXCollectionViewCell.h */,
				E982F83D2BCB86B7002EBA4D /* UXCollectionViewController.h */,
				E982F83E2BCB86B7002EBA4D /* UXCollectionViewData.h */,
				E982F83F2BCB86B7002EBA4D /* UXCollectionViewDataSource.h */,
				E982F8402BCB86B7002EBA4D /* UXCollectionViewDelegate.h */,
				E982F8412BCB86B7002EBA4D /* UXCollectionViewFilePromiseProvider.h */,
				E982F8422BCB86B7002EBA4D /* UXCollectionViewFlowLayout.h */,
				E982F8432BCB86B7002EBA4D /* UXCollectionViewFlowLayoutInvalidationContext.h */,
				E982F8442BCB86B7002EBA4D /* UXCollectionViewIndexPathsSet.h */,
				E982F8452BCB86B7002EBA4D /* UXCollectionViewLayout.h */,
				E982F8462BCB86B7002EBA4D /* UXCollectionViewLayoutAccessibility.h */,
				E982F8472BCB86B7002EBA4D /* UXCollectionViewLayoutAttributes.h */,
				E982F8482BCB86B7002EBA4D /* UXCollectionViewLayoutInvalidationContext.h */,
				E982F8492BCB86B7002EBA4D /* UXCollectionViewLayoutProxyDelegate.h */,
				E982F84A2BCB86B7002EBA4D /* UXCollectionViewLayoutSectionAccessibility.h */,
				E982F84B2BCB86B7002EBA4D /* UXCollectionViewMutableIndexPathsSet.h */,
				E982F84C2BCB86B7002EBA4D /* UXCollectionViewPanGestureRecognizer.h */,
				E982F84D2BCB86B7002EBA4D /* UXCollectionViewUpdate.h */,
				E982F84E2BCB86B7002EBA4D /* UXCollectionViewUpdateGap.h */,
				E982F84F2BCB86B7002EBA4D /* UXCollectionViewUpdateItem.h */,
				E982F8502BCB86B7002EBA4D /* UXControl.h */,
				E982F8512BCB86B7002EBA4D /* UXDestinationAuxiliaryStore.h */,
				E982F8522BCB86B7002EBA4D /* UXIdentityTransitionController.h */,
				E982F8532BCB86B7002EBA4D /* UXImageView.h */,
				E982F8542BCB86B7002EBA4D /* UXKit-Structs.h */,
				E982F8552BCB86B7002EBA4D /* UXKitAppearance.h */,
				E982F8562BCB86B7002EBA4D /* UXLabel.h */,
				E982F8572BCB86B7002EBA4D /* UXLayoutSupport.h */,
				E982F8582BCB86B7002EBA4D /* UXNavigationBar.h */,
				E982F8592BCB86B7002EBA4D /* UXNavigationController.h */,
				E982F85A2BCB86B7002EBA4D /* UXNavigationControllerDelegate.h */,
				E982F85B2BCB86B7002EBA4D /* UXNavigationDestination.h */,
				E982F85C2BCB86B7002EBA4D /* UXNavigationItem.h */,
				E982F85D2BCB86B7002EBA4D /* UXParallaxTransitionController.h */,
				E982F85E2BCB86B7002EBA4D /* UXPopover.h */,
				E982F85F2BCB86B7002EBA4D /* UXPopoverController.h */,
				E982F8602BCB86B7002EBA4D /* UXProxyViewController.h */,
				E982F8612BCB86B7002EBA4D /* UXSlideTransitionController.h */,
				E982F8622BCB86B7002EBA4D /* UXSourceController.h */,
				E982F8632BCB86B7002EBA4D /* UXSubtoolbar.h */,
				E982F8642BCB86B7002EBA4D /* UXTabBarController.h */,
				E982F8652BCB86B7002EBA4D /* UXTabBarItem.h */,
				E982F8662BCB86B7002EBA4D /* UXTabBarItemSegment.h */,
				E982F8672BCB86B7002EBA4D /* UXTableLayout.h */,
				E982F8682BCB86B7002EBA4D /* UXTableView.h */,
				E982F8692BCB86B7002EBA4D /* UXTableViewCell.h */,
				E982F86A2BCB86B7002EBA4D /* UXTableViewController.h */,
				E982F86B2BCB86B7002EBA4D /* UXTableViewHeaderFooterView.h */,
				E982F86C2BCB86B7002EBA4D /* UXToolbar.h */,
				E982F86D2BCB86B7002EBA4D /* UXToolbarDelegatePrivate.h */,
				E982F86E2BCB86B7002EBA4D /* UXTransitionController.h */,
				E982F86F2BCB86B7002EBA4D /* UXView.h */,
				E982F8702BCB86B7002EBA4D /* UXViewAnimationContext.h */,
				E982F8712BCB86B7002EBA4D /* UXViewController.h */,
				E982F8722BCB86B7002EBA4D /* UXViewControllerAnimatedTransitioning.h */,
				E982F8732BCB86B7002EBA4D /* UXViewControllerContextTransitioning.h */,
				E982F8742BCB86B7002EBA4D /* UXViewControllerInteractiveTransitioning.h */,
				E982F8752BCB86B7002EBA4D /* UXViewControllerTransitionCoordinator.h */,
				E982F8762BCB86B7002EBA4D /* UXWindowController.h */,
				E982F8772BCB86B7002EBA4D /* UXWindowToolbarController.h */,
				E982F8782BCB86B7002EBA4D /* UXZoomingCrossfadeTransitionController.h */,
			);
			path = Headers;
			sourceTree = "<group>";
		};
/* End PBXGroup section */

/* Begin PBXNativeTarget section */
		E922CB902B6BFF33003E19BB /* UXKit-Example */ = {
			isa = PBXNativeTarget;
			buildConfigurationList = E922CBA42B6BFF35003E19BB /* Build configuration list for PBXNativeTarget "UXKit-Example" */;
			buildPhases = (
				E922CB8D2B6BFF33003E19BB /* Sources */,
				E922CB8E2B6BFF33003E19BB /* Frameworks */,
				E922CB8F2B6BFF33003E19BB /* Resources */,
			);
			buildRules = (
			);
			dependencies = (
			);
			name = "UXKit-Example";
			productName = "UXKit-Example";
			productReference = E922CB912B6BFF33003E19BB /* UXKit-Example.app */;
			productType = "com.apple.product-type.application";
		};
/* End PBXNativeTarget section */

/* Begin PBXProject section */
		E922CB892B6BFF33003E19BB /* Project object */ = {
			isa = PBXProject;
			attributes = {
				BuildIndependentTargetsInParallel = 1;
				LastUpgradeCheck = 1520;
				TargetAttributes = {
					E922CB902B6BFF33003E19BB = {
						CreatedOnToolsVersion = 15.2;
					};
				};
			};
			buildConfigurationList = E922CB8C2B6BFF33003E19BB /* Build configuration list for PBXProject "UXKit-Example" */;
			compatibilityVersion = "Xcode 14.0";
			developmentRegion = en;
			hasScannedForEncodings = 0;
			knownRegions = (
				en,
				Base,
			);
			mainGroup = E922CB882B6BFF33003E19BB;
			productRefGroup = E922CB922B6BFF33003E19BB /* Products */;
			projectDirPath = "";
			projectRoot = "";
			targets = (
				E922CB902B6BFF33003E19BB /* UXKit-Example */,
			);
		};
/* End PBXProject section */

/* Begin PBXResourcesBuildPhase section */
		E922CB8F2B6BFF33003E19BB /* Resources */ = {
			isa = PBXResourcesBuildPhase;
			buildActionMask = 2147483647;
			files = (
				E922CB9B2B6BFF35003E19BB /* Assets.xcassets in Resources */,
				E922CB9E2B6BFF35003E19BB /* Main.storyboard in Resources */,
			);
			runOnlyForDeploymentPostprocessing = 0;
		};
/* End PBXResourcesBuildPhase section */

/* Begin PBXSourcesBuildPhase section */
		E922CB8D2B6BFF33003E19BB /* Sources */ = {
			isa = PBXSourcesBuildPhase;
			buildActionMask = 2147483647;
			files = (
				E922CB992B6BFF33003E19BB /* ViewController.m in Sources */,
				E922CBA02B6BFF35003E19BB /* main.m in Sources */,
				E922CB962B6BFF33003E19BB /* AppDelegate.m in Sources */,
			);
			runOnlyForDeploymentPostprocessing = 0;
		};
/* End PBXSourcesBuildPhase section */

/* Begin PBXVariantGroup section */
		E922CB9C2B6BFF35003E19BB /* Main.storyboard */ = {
			isa = PBXVariantGroup;
			children = (
				E922CB9D2B6BFF35003E19BB /* Base */,
			);
			name = Main.storyboard;
			sourceTree = "<group>";
		};
/* End PBXVariantGroup section */

/* Begin XCBuildConfiguration section */
		E922CBA22B6BFF35003E19BB /* Debug */ = {
			isa = XCBuildConfiguration;
			buildSettings = {
				ALWAYS_SEARCH_USER_PATHS = NO;
				ASSETCATALOG_COMPILER_GENERATE_SWIFT_ASSET_SYMBOL_EXTENSIONS = YES;
				CLANG_ANALYZER_NONNULL = YES;
				CLANG_ANALYZER_NUMBER_OBJECT_CONVERSION = YES_AGGRESSIVE;
				CLANG_CXX_LANGUAGE_STANDARD = "gnu++20";
				CLANG_ENABLE_MODULES = YES;
				CLANG_ENABLE_OBJC_ARC = YES;
				CLANG_ENABLE_OBJC_WEAK = YES;
				CLANG_WARN_BLOCK_CAPTURE_AUTORELEASING = YES;
				CLANG_WARN_BOOL_CONVERSION = YES;
				CLANG_WARN_COMMA = YES;
				CLANG_WARN_CONSTANT_CONVERSION = YES;
				CLANG_WARN_DEPRECATED_OBJC_IMPLEMENTATIONS = YES;
				CLANG_WARN_DIRECT_OBJC_ISA_USAGE = YES_ERROR;
				CLANG_WARN_DOCUMENTATION_COMMENTS = YES;
				CLANG_WARN_EMPTY_BODY = YES;
				CLANG_WARN_ENUM_CONVERSION = YES;
				CLANG_WARN_INFINITE_RECURSION = YES;
				CLANG_WARN_INT_CONVERSION = YES;
				CLANG_WARN_NON_LITERAL_NULL_CONVERSION = YES;
				CLANG_WARN_OBJC_IMPLICIT_RETAIN_SELF = YES;
				CLANG_WARN_OBJC_LITERAL_CONVERSION = YES;
				CLANG_WARN_OBJC_ROOT_CLASS = YES_ERROR;
				CLANG_WARN_QUOTED_INCLUDE_IN_FRAMEWORK_HEADER = YES;
				CLANG_WARN_RANGE_LOOP_ANALYSIS = YES;
				CLANG_WARN_STRICT_PROTOTYPES = YES;
				CLANG_WARN_SUSPICIOUS_MOVE = YES;
				CLANG_WARN_UNGUARDED_AVAILABILITY = YES_AGGRESSIVE;
				CLANG_WARN_UNREACHABLE_CODE = YES;
				CLANG_WARN__DUPLICATE_METHOD_MATCH = YES;
				COPY_PHASE_STRIP = NO;
				DEBUG_INFORMATION_FORMAT = dwarf;
				ENABLE_STRICT_OBJC_MSGSEND = YES;
				ENABLE_TESTABILITY = YES;
				ENABLE_USER_SCRIPT_SANDBOXING = YES;
				GCC_C_LANGUAGE_STANDARD = gnu17;
				GCC_DYNAMIC_NO_PIC = NO;
				GCC_NO_COMMON_BLOCKS = YES;
				GCC_OPTIMIZATION_LEVEL = 0;
				GCC_PREPROCESSOR_DEFINITIONS = (
					"DEBUG=1",
					"$(inherited)",
				);
				GCC_WARN_64_TO_32_BIT_CONVERSION = YES;
				GCC_WARN_ABOUT_RETURN_TYPE = YES_ERROR;
				GCC_WARN_UNDECLARED_SELECTOR = YES;
				GCC_WARN_UNINITIALIZED_AUTOS = YES_AGGRESSIVE;
				GCC_WARN_UNUSED_FUNCTION = YES;
				GCC_WARN_UNUSED_VARIABLE = YES;
				LOCALIZATION_PREFERS_STRING_CATALOGS = YES;
				MACOSX_DEPLOYMENT_TARGET = 14.2;
				MTL_ENABLE_DEBUG_INFO = INCLUDE_SOURCE;
				MTL_FAST_MATH = YES;
				ONLY_ACTIVE_ARCH = YES;
				SDKROOT = macosx;
			};
			name = Debug;
		};
		E922CBA32B6BFF35003E19BB /* Release */ = {
			isa = XCBuildConfiguration;
			buildSettings = {
				ALWAYS_SEARCH_USER_PATHS = NO;
				ASSETCATALOG_COMPILER_GENERATE_SWIFT_ASSET_SYMBOL_EXTENSIONS = YES;
				CLANG_ANALYZER_NONNULL = YES;
				CLANG_ANALYZER_NUMBER_OBJECT_CONVERSION = YES_AGGRESSIVE;
				CLANG_CXX_LANGUAGE_STANDARD = "gnu++20";
				CLANG_ENABLE_MODULES = YES;
				CLANG_ENABLE_OBJC_ARC = YES;
				CLANG_ENABLE_OBJC_WEAK = YES;
				CLANG_WARN_BLOCK_CAPTURE_AUTORELEASING = YES;
				CLANG_WARN_BOOL_CONVERSION = YES;
				CLANG_WARN_COMMA = YES;
				CLANG_WARN_CONSTANT_CONVERSION = YES;
				CLANG_WARN_DEPRECATED_OBJC_IMPLEMENTATIONS = YES;
				CLANG_WARN_DIRECT_OBJC_ISA_USAGE = YES_ERROR;
				CLANG_WARN_DOCUMENTATION_COMMENTS = YES;
				CLANG_WARN_EMPTY_BODY = YES;
				CLANG_WARN_ENUM_CONVERSION = YES;
				CLANG_WARN_INFINITE_RECURSION = YES;
				CLANG_WARN_INT_CONVERSION = YES;
				CLANG_WARN_NON_LITERAL_NULL_CONVERSION = YES;
				CLANG_WARN_OBJC_IMPLICIT_RETAIN_SELF = YES;
				CLANG_WARN_OBJC_LITERAL_CONVERSION = YES;
				CLANG_WARN_OBJC_ROOT_CLASS = YES_ERROR;
				CLANG_WARN_QUOTED_INCLUDE_IN_FRAMEWORK_HEADER = YES;
				CLANG_WARN_RANGE_LOOP_ANALYSIS = YES;
				CLANG_WARN_STRICT_PROTOTYPES = YES;
				CLANG_WARN_SUSPICIOUS_MOVE = YES;
				CLANG_WARN_UNGUARDED_AVAILABILITY = YES_AGGRESSIVE;
				CLANG_WARN_UNREACHABLE_CODE = YES;
				CLANG_WARN__DUPLICATE_METHOD_MATCH = YES;
				COPY_PHASE_STRIP = NO;
				DEBUG_INFORMATION_FORMAT = "dwarf-with-dsym";
				ENABLE_NS_ASSERTIONS = NO;
				ENABLE_STRICT_OBJC_MSGSEND = YES;
				ENABLE_USER_SCRIPT_SANDBOXING = YES;
				GCC_C_LANGUAGE_STANDARD = gnu17;
				GCC_NO_COMMON_BLOCKS = YES;
				GCC_WARN_64_TO_32_BIT_CONVERSION = YES;
				GCC_WARN_ABOUT_RETURN_TYPE = YES_ERROR;
				GCC_WARN_UNDECLARED_SELECTOR = YES;
				GCC_WARN_UNINITIALIZED_AUTOS = YES_AGGRESSIVE;
				GCC_WARN_UNUSED_FUNCTION = YES;
				GCC_WARN_UNUSED_VARIABLE = YES;
				LOCALIZATION_PREFERS_STRING_CATALOGS = YES;
				MACOSX_DEPLOYMENT_TARGET = 14.2;
				MTL_ENABLE_DEBUG_INFO = NO;
				MTL_FAST_MATH = YES;
				SDKROOT = macosx;
			};
			name = Release;
		};
		E922CBA52B6BFF35003E19BB /* Debug */ = {
			isa = XCBuildConfiguration;
			buildSettings = {
				ASSETCATALOG_COMPILER_APPICON_NAME = AppIcon;
				ASSETCATALOG_COMPILER_GLOBAL_ACCENT_COLOR_NAME = AccentColor;
				CODE_SIGN_ENTITLEMENTS = "UXKit-Example/UXKit_Example.entitlements";
				CODE_SIGN_STYLE = Automatic;
				COMBINE_HIDPI_IMAGES = YES;
				CURRENT_PROJECT_VERSION = 1;
				DEVELOPMENT_TEAM = "";
				FRAMEWORK_SEARCH_PATHS = (
					"$(inherited)",
					"$(PROJECT_DIR)",
				);
				GENERATE_INFOPLIST_FILE = YES;
				INFOPLIST_KEY_NSHumanReadableCopyright = "";
				INFOPLIST_KEY_NSMainStoryboardFile = Main;
				INFOPLIST_KEY_NSPrincipalClass = NSApplication;
				LD_RUNPATH_SEARCH_PATHS = (
					"$(inherited)",
					"@executable_path/../Frameworks",
				);
				MARKETING_VERSION = 1.0;
				OTHER_LDFLAGS = (
					"\"-undefined dynamic_lookup\"",
					"-Wl,-undefined,dynamic_lookup",
				);
				PRODUCT_BUNDLE_IDENTIFIER = "com.JH.UXKit-Example";
				PRODUCT_NAME = "$(TARGET_NAME)";
				SWIFT_EMIT_LOC_STRINGS = YES;
				SYSTEM_FRAMEWORK_SEARCH_PATHS = (
					"$(inherited)",
					"$(SYSTEM_LIBRARY_DIR)/PrivateFrameworks",
				);
			};
			name = Debug;
		};
		E922CBA62B6BFF35003E19BB /* Release */ = {
			isa = XCBuildConfiguration;
			buildSettings = {
				ASSETCATALOG_COMPILER_APPICON_NAME = AppIcon;
				ASSETCATALOG_COMPILER_GLOBAL_ACCENT_COLOR_NAME = AccentColor;
				CODE_SIGN_ENTITLEMENTS = "UXKit-Example/UXKit_Example.entitlements";
				CODE_SIGN_STYLE = Automatic;
				COMBINE_HIDPI_IMAGES = YES;
				CURRENT_PROJECT_VERSION = 1;
				DEVELOPMENT_TEAM = "";
				FRAMEWORK_SEARCH_PATHS = (
					"$(inherited)",
					"$(PROJECT_DIR)",
				);
				GENERATE_INFOPLIST_FILE = YES;
				INFOPLIST_KEY_NSHumanReadableCopyright = "";
				INFOPLIST_KEY_NSMainStoryboardFile = Main;
				INFOPLIST_KEY_NSPrincipalClass = NSApplication;
				LD_RUNPATH_SEARCH_PATHS = (
					"$(inherited)",
					"@executable_path/../Frameworks",
				);
				MARKETING_VERSION = 1.0;
				OTHER_LDFLAGS = (
					"\"-undefined dynamic_lookup\"",
					"-Wl,-undefined,dynamic_lookup",
				);
				PRODUCT_BUNDLE_IDENTIFIER = "com.JH.UXKit-Example";
				PRODUCT_NAME = "$(TARGET_NAME)";
				SWIFT_EMIT_LOC_STRINGS = YES;
				SYSTEM_FRAMEWORK_SEARCH_PATHS = (
					"$(inherited)",
					"$(SYSTEM_LIBRARY_DIR)/PrivateFrameworks",
				);
			};
			name = Release;
		};
/* End XCBuildConfiguration section */

/* Begin XCConfigurationList section */
		E922CB8C2B6BFF33003E19BB /* Build configuration list for PBXProject "UXKit-Example" */ = {
			isa = XCConfigurationList;
			buildConfigurations = (
				E922CBA22B6BFF35003E19BB /* Debug */,
				E922CBA32B6BFF35003E19BB /* Release */,
			);
			defaultConfigurationIsVisible = 0;
			defaultConfigurationName = Release;
		};
		E922CBA42B6BFF35003E19BB /* Build configuration list for PBXNativeTarget "UXKit-Example" */ = {
			isa = XCConfigurationList;
			buildConfigurations = (
				E922CBA52B6BFF35003E19BB /* Debug */,
				E922CBA62B6BFF35003E19BB /* Release */,
			);
			defaultConfigurationIsVisible = 0;
			defaultConfigurationName = Release;
		};
/* End XCConfigurationList section */
	};
	rootObject = E922CB892B6BFF33003E19BB /* Project object */;
}
